
Microsoft Visual Studio Solution File, Format Version 12.00
# Visual Studio Version 17
VisualStudioVersion = 17.5.33414.496
MinimumVisualStudioVersion = 10.0.40219.1
Project("{9A19103F-16F7-4668-BE54-9A1E7A4F7556}") = "Competition task", "ConsoleApp1\Competition task.csproj", "{5B790417-ACE5-422C-A25B-E30EBC5CD4FC}"
EndProject
Global
	GlobalSection(SolutionConfigurationPlatforms) = preSolution
		Debug|Any CPU = Debug|Any CPU
		Release|Any CPU = Release|Any CPU
	EndGlobalSection
	GlobalSection(ProjectConfigurationPlatforms) = postSolution
		{5B790417-ACE5-422C-A25B-E30EBC5CD4FC}.Debug|Any CPU.ActiveCfg = Debug|Any CPU
		{5B790417-ACE5-422C-A25B-E30EBC5CD4FC}.Debug|Any CPU.Build.0 = Debug|Any CPU
		{5B790417-ACE5-422C-A25B-E30EBC5CD4FC}.Release|Any CPU.ActiveCfg = Release|Any CPU
		{5B790417-ACE5-422C-A25B-E30EBC5CD4FC}.Release|Any CPU.Build.0 = Release|Any CPU
	EndGlobalSection
	GlobalSection(SolutionProperties) = preSolution
		HideSolutionNode = FALSE
	EndGlobalSection
	GlobalSection(ExtensibilityGlobals) = postSolution
		SolutionGuid = {D6AF17DD-4F37-48F7-8202-12A2C9B4269D}
	EndGlobalSection
EndGlobal
